
Microsoft Visual Studio Solution File, Format Version 12.00
# Visual Studio Version 17
VisualStudioVersion = 17.1.32328.378
MinimumVisualStudioVersion = 10.0.40219.1
Project("{FAE04EC0-301F-11D3-BF4B-00C04F79EFBC}") = "Name and Age Console App", "Name and Age Console App.csproj", "{BF9AEA4F-EA0E-4EE7-B97A-5D6BEB3508A0}"
EndProject
Global
	GlobalSection(SolutionConfigurationPlatforms) = preSolution
		Debug|Any CPU = Debug|Any CPU
		Release|Any CPU = Release|Any CPU
	EndGlobalSection
	GlobalSection(ProjectConfigurationPlatforms) = postSolution
		{BF9AEA4F-EA0E-4EE7-B97A-5D6BEB3508A0}.Debug|Any CPU.ActiveCfg = Debug|Any CPU
		{BF9AEA4F-EA0E-4EE7-B97A-5D6BEB3508A0}.Debug|Any CPU.Build.0 = Debug|Any CPU
		{BF9AEA4F-EA0E-4EE7-B97A-5D6BEB3508A0}.Release|Any CPU.ActiveCfg = Release|Any CPU
		{BF9AEA4F-EA0E-4EE7-B97A-5D6BEB3508A0}.Release|Any CPU.Build.0 = Release|Any CPU
	EndGlobalSection
	GlobalSection(SolutionProperties) = preSolution
		HideSolutionNode = FALSE
	EndGlobalSection
	GlobalSection(ExtensibilityGlobals) = postSolution
		SolutionGuid = {DB5485DA-D6BF-4BBF-A645-6CB88ECF1E51}
	EndGlobalSection
EndGlobal
